
Microsoft Visual Studio Solution File, Format Version 12.00
# Visual Studio 15
VisualStudioVersion = 15.0.28307.539
MinimumVisualStudioVersion = 10.0.40219.1
Project("{FAE04EC0-301F-11D3-BF4B-00C04F79EFBC}") = "RatioCalculator", "RatioCalculator\RatioCalculator.csproj", "{0397CEC1-8B9B-4752-B4E9-E1B808237CA6}"
EndProject
Project("{2150E333-8FDC-42A3-9474-1A3956D46DE8}") = "Solution Items", "Solution Items", "{9ADDA56F-4753-4AEA-A95E-0218BCE514DE}"
	ProjectSection(SolutionItems) = preProject
		Code Rules.ruleset = Code Rules.ruleset
	EndProjectSection
EndProject
Project("{FAE04EC0-301F-11D3-BF4B-00C04F79EFBC}") = "HugeSilo", "HugeSilo\HugeSilo.csproj", "{8A454E1C-CB89-4DDC-A344-07CABD0B4ED8}"
EndProject
Project("{FAE04EC0-301F-11D3-BF4B-00C04F79EFBC}") = "HappinessSetter", "HappinessSetter\HappinessSetter.csproj", "{60A323D6-23B2-4A74-A431-DFCC5FD92BD4}"
EndProject
Project("{FAE04EC0-301F-11D3-BF4B-00C04F79EFBC}") = "ModdingApi", "ModdingApi\ModdingApi.csproj", "{8A454E1C-CB89-4DDC-A344-07CABF000000}"
EndProject
Global
	GlobalSection(SolutionConfigurationPlatforms) = preSolution
		Debug|Any CPU = Debug|Any CPU
		Debug|x64 = Debug|x64
		Release|Any CPU = Release|Any CPU
		Release|x64 = Release|x64
	EndGlobalSection
	GlobalSection(ProjectConfigurationPlatforms) = postSolution
		{0397CEC1-8B9B-4752-B4E9-E1B808237CA6}.Debug|Any CPU.ActiveCfg = Debug|Any CPU
		{0397CEC1-8B9B-4752-B4E9-E1B808237CA6}.Debug|Any CPU.Build.0 = Debug|Any CPU
		{0397CEC1-8B9B-4752-B4E9-E1B808237CA6}.Debug|x64.ActiveCfg = Debug|x64
		{0397CEC1-8B9B-4752-B4E9-E1B808237CA6}.Release|Any CPU.ActiveCfg = Release|Any CPU
		{0397CEC1-8B9B-4752-B4E9-E1B808237CA6}.Release|Any CPU.Build.0 = Release|Any CPU
		{0397CEC1-8B9B-4752-B4E9-E1B808237CA6}.Release|x64.ActiveCfg = Release|x64
		{0397CEC1-8B9B-4752-B4E9-E1B808237CA6}.Release|x64.Build.0 = Release|x64
		{8A454E1C-CB89-4DDC-A344-07CABD0B4ED8}.Debug|Any CPU.ActiveCfg = Debug|Any CPU
		{8A454E1C-CB89-4DDC-A344-07CABD0B4ED8}.Debug|Any CPU.Build.0 = Debug|Any CPU
		{8A454E1C-CB89-4DDC-A344-07CABD0B4ED8}.Debug|x64.ActiveCfg = Debug|x64
		{8A454E1C-CB89-4DDC-A344-07CABD0B4ED8}.Debug|x64.Build.0 = Debug|x64
		{8A454E1C-CB89-4DDC-A344-07CABD0B4ED8}.Release|Any CPU.ActiveCfg = Release|Any CPU
		{8A454E1C-CB89-4DDC-A344-07CABD0B4ED8}.Release|Any CPU.Build.0 = Release|Any CPU
		{8A454E1C-CB89-4DDC-A344-07CABD0B4ED8}.Release|x64.ActiveCfg = Release|x64
		{60A323D6-23B2-4A74-A431-DFCC5FD92BD4}.Debug|Any CPU.ActiveCfg = Debug|Any CPU
		{60A323D6-23B2-4A74-A431-DFCC5FD92BD4}.Debug|Any CPU.Build.0 = Debug|Any CPU
		{60A323D6-23B2-4A74-A431-DFCC5FD92BD4}.Debug|x64.ActiveCfg = Debug|x64
		{60A323D6-23B2-4A74-A431-DFCC5FD92BD4}.Release|Any CPU.ActiveCfg = Release|Any CPU
		{60A323D6-23B2-4A74-A431-DFCC5FD92BD4}.Release|Any CPU.Build.0 = Release|Any CPU
		{60A323D6-23B2-4A74-A431-DFCC5FD92BD4}.Release|x64.ActiveCfg = Release|Any CPU
		{8A454E1C-CB89-4DDC-A344-07CABF000000}.Debug|Any CPU.ActiveCfg = Debug|Any CPU
		{8A454E1C-CB89-4DDC-A344-07CABF000000}.Debug|Any CPU.Build.0 = Debug|Any CPU
		{8A454E1C-CB89-4DDC-A344-07CABF000000}.Debug|x64.ActiveCfg = Debug|x64
		{8A454E1C-CB89-4DDC-A344-07CABF000000}.Debug|x64.Build.0 = Debug|x64
		{8A454E1C-CB89-4DDC-A344-07CABF000000}.Release|Any CPU.ActiveCfg = Release|Any CPU
		{8A454E1C-CB89-4DDC-A344-07CABF000000}.Release|Any CPU.Build.0 = Release|Any CPU
		{8A454E1C-CB89-4DDC-A344-07CABF000000}.Release|x64.ActiveCfg = Release|x64
		{8A454E1C-CB89-4DDC-A344-07CABF000000}.Release|x64.Build.0 = Release|x64
	EndGlobalSection
	GlobalSection(SolutionProperties) = preSolution
		HideSolutionNode = FALSE
	EndGlobalSection
	GlobalSection(ExtensibilityGlobals) = postSolution
		SolutionGuid = {57892949-7799-434C-9216-C29ECF99A3DE}
	EndGlobalSection
EndGlobal
